
Microsoft Visual Studio Solution File, Format Version 12.00
# Visual Studio 15
VisualStudioVersion = 15.0.28307.421
MinimumVisualStudioVersion = 10.0.40219.1
Project("{FAE04EC0-301F-11D3-BF4B-00C04F79EFBC}") = "tecAirlinesServices", "tecAirlinesServices\tecAirlinesServices.csproj", "{91A9AE3C-5E43-4096-B37A-02F8135C826E}"
EndProject
Project("{FAE04EC0-301F-11D3-BF4B-00C04F79EFBC}") = "DataAccess", "DataAccess\DataAccess.csproj", "{BC52F634-37A4-4608-9345-C3D2DE7F266B}"
EndProject
Global
	GlobalSection(SolutionConfigurationPlatforms) = preSolution
		Debug|Any CPU = Debug|Any CPU
		Release|Any CPU = Release|Any CPU
	EndGlobalSection
	GlobalSection(ProjectConfigurationPlatforms) = postSolution
		{91A9AE3C-5E43-4096-B37A-02F8135C826E}.Debug|Any CPU.ActiveCfg = Debug|Any CPU
		{91A9AE3C-5E43-4096-B37A-02F8135C826E}.Debug|Any CPU.Build.0 = Debug|Any CPU
		{91A9AE3C-5E43-4096-B37A-02F8135C826E}.Release|Any CPU.ActiveCfg = Release|Any CPU
		{91A9AE3C-5E43-4096-B37A-02F8135C826E}.Release|Any CPU.Build.0 = Release|Any CPU
		{BC52F634-37A4-4608-9345-C3D2DE7F266B}.Debug|Any CPU.ActiveCfg = Debug|Any CPU
		{BC52F634-37A4-4608-9345-C3D2DE7F266B}.Debug|Any CPU.Build.0 = Debug|Any CPU
		{BC52F634-37A4-4608-9345-C3D2DE7F266B}.Release|Any CPU.ActiveCfg = Release|Any CPU
		{BC52F634-37A4-4608-9345-C3D2DE7F266B}.Release|Any CPU.Build.0 = Release|Any CPU
	EndGlobalSection
	GlobalSection(SolutionProperties) = preSolution
		HideSolutionNode = FALSE
	EndGlobalSection
	GlobalSection(ExtensibilityGlobals) = postSolution
		SolutionGuid = {BED6FF26-0E8E-415C-BC22-65C0D20F4325}
	EndGlobalSection
EndGlobal
